
Microsoft Visual Studio Solution File, Format Version 12.00
# Visual Studio 15
VisualStudioVersion = 15.0.26403.3
MinimumVisualStudioVersion = 10.0.40219.1
Project("{FAE04EC0-301F-11D3-BF4B-00C04F79EFBC}") = "Shelter", "Shelter\Shelter.csproj", "{D25C05CF-8812-4BA0-88FA-88888C7A11F6}"
EndProject
Global
	GlobalSection(SolutionConfigurationPlatforms) = preSolution
		Debug|Any CPU = Debug|Any CPU
		Release|Any CPU = Release|Any CPU
	EndGlobalSection
	GlobalSection(ProjectConfigurationPlatforms) = postSolution
		{D25C05CF-8812-4BA0-88FA-88888C7A11F6}.Debug|Any CPU.ActiveCfg = Debug|Any CPU
		{D25C05CF-8812-4BA0-88FA-88888C7A11F6}.Debug|Any CPU.Build.0 = Debug|Any CPU
		{D25C05CF-8812-4BA0-88FA-88888C7A11F6}.Release|Any CPU.ActiveCfg = Release|Any CPU
		{D25C05CF-8812-4BA0-88FA-88888C7A11F6}.Release|Any CPU.Build.0 = Release|Any CPU
	EndGlobalSection
	GlobalSection(SolutionProperties) = preSolution
		HideSolutionNode = FALSE
	EndGlobalSection
EndGlobal
